
Microsoft Visual Studio Solution File, Format Version 12.00
# Visual Studio Version 16
VisualStudioVersion = 16.0.30717.126
MinimumVisualStudioVersion = 10.0.40219.1
Project("{FAE04EC0-301F-11D3-BF4B-00C04F79EFBC}") = "ClientRest_20180140013_AkbarSetiyoAdiPutro", "ClientRest_20180140013_AkbarSetiyoAdiPutro.csproj", "{A9EE1F6D-9882-4739-8AF0-17AC8A1CA0C8}"
EndProject
Global
	GlobalSection(SolutionConfigurationPlatforms) = preSolution
		Debug|Any CPU = Debug|Any CPU
		Release|Any CPU = Release|Any CPU
	EndGlobalSection
	GlobalSection(ProjectConfigurationPlatforms) = postSolution
		{A9EE1F6D-9882-4739-8AF0-17AC8A1CA0C8}.Debug|Any CPU.ActiveCfg = Debug|Any CPU
		{A9EE1F6D-9882-4739-8AF0-17AC8A1CA0C8}.Debug|Any CPU.Build.0 = Debug|Any CPU
		{A9EE1F6D-9882-4739-8AF0-17AC8A1CA0C8}.Release|Any CPU.ActiveCfg = Release|Any CPU
		{A9EE1F6D-9882-4739-8AF0-17AC8A1CA0C8}.Release|Any CPU.Build.0 = Release|Any CPU
	EndGlobalSection
	GlobalSection(SolutionProperties) = preSolution
		HideSolutionNode = FALSE
	EndGlobalSection
	GlobalSection(ExtensibilityGlobals) = postSolution
		SolutionGuid = {F1907030-597A-4443-AF4A-59E58A330DB4}
	EndGlobalSection
EndGlobal
